// !$*UTF8*$!
{
	archiveVersion = 1;
	classes = {
	};
	objectVersion = 46;
	objects = {

/* Begin PBXBuildFile section */
		106E4323C5D9DB83442F648F /* libPods-ZKDemoPro.a in Frameworks */ = {isa = PBXBuildFile; fileRef = A3C5E549514D882AC5209282 /* libPods-ZKDemoPro.a */; };
		58B013C21E680E49000D6E2B /* data_me.plist in Resources */ = {isa = PBXBuildFile; fileRef = 58B013C11E680E49000D6E2B /* data_me.plist */; };
		58B013CD1E681CD0000D6E2B /* DBObject.m in Sources */ = {isa = PBXBuildFile; fileRef = 58B013CA1E681CD0000D6E2B /* DBObject.m */; };
		58B013D21E681CFC000D6E2B /* USLogger.m in Sources */ = {isa = PBXBuildFile; fileRef = 58B013D01E681CFC000D6E2B /* USLogger.m */; };
		58B013D61E681DC1000D6E2B /* NSDate+Common.m in Sources */ = {isa = PBXBuildFile; fileRef = 58B013D51E681DC1000D6E2B /* NSDate+Common.m */; };
		58B013DA1E68230B000D6E2B /* ZKCommonItemCell.m in Sources */ = {isa = PBXBuildFile; fileRef = 58B013D91E68230B000D6E2B /* ZKCommonItemCell.m */; };
		58B013E01E682809000D6E2B /* ZKCommonItemViewController.m in Sources */ = {isa = PBXBuildFile; fileRef = 58B013DF1E682809000D6E2B /* ZKCommonItemViewController.m */; };
		58B013E21E682907000D6E2B /* data_discover.plist in Resources */ = {isa = PBXBuildFile; fileRef = 58B013E11E682907000D6E2B /* data_discover.plist */; };
		58B013E81E682BB4000D6E2B /* ZKProfileHeaderCell.m in Sources */ = {isa = PBXBuildFile; fileRef = 58B013E61E682BB4000D6E2B /* ZKProfileHeaderCell.m */; };
		58B013E91E682BB4000D6E2B /* ZKProfileHeaderCell.xib in Resources */ = {isa = PBXBuildFile; fileRef = 58B013E71E682BB4000D6E2B /* ZKProfileHeaderCell.xib */; };
		58F661661E67BB5E00CEB6B9 /* main.m in Sources */ = {isa = PBXBuildFile; fileRef = 58F661651E67BB5E00CEB6B9 /* main.m */; };
		58F661691E67BB5E00CEB6B9 /* AppDelegate.m in Sources */ = {isa = PBXBuildFile; fileRef = 58F661681E67BB5E00CEB6B9 /* AppDelegate.m */; };
		58F661711E67BB5E00CEB6B9 /* Assets.xcassets in Resources */ = {isa = PBXBuildFile; fileRef = 58F661701E67BB5E00CEB6B9 /* Assets.xcassets */; };
		58F661741E67BB5E00CEB6B9 /* LaunchScreen.storyboard in Resources */ = {isa = PBXBuildFile; fileRef = 58F661721E67BB5E00CEB6B9 /* LaunchScreen.storyboard */; };
		58F6617F1E67BB5E00CEB6B9 /* ZKDemoProTests.m in Sources */ = {isa = PBXBuildFile; fileRef = 58F6617E1E67BB5E00CEB6B9 /* ZKDemoProTests.m */; };
		58F6618A1E67BB5E00CEB6B9 /* ZKDemoProUITests.m in Sources */ = {isa = PBXBuildFile; fileRef = 58F661891E67BB5E00CEB6B9 /* ZKDemoProUITests.m */; };
		58F661AB1E67BD4B00CEB6B9 /* ZKHomeBaseViewController.m in Sources */ = {isa = PBXBuildFile; fileRef = 58F661A51E67BD4B00CEB6B9 /* ZKHomeBaseViewController.m */; };
		58F661AC1E67BD4B00CEB6B9 /* ZKHomeBaseViewController.xib in Resources */ = {isa = PBXBuildFile; fileRef = 58F661A61E67BD4B00CEB6B9 /* ZKHomeBaseViewController.xib */; };
		58F661AD1E67BD4B00CEB6B9 /* ZKRootViewController.m in Sources */ = {isa = PBXBuildFile; fileRef = 58F661A81E67BD4B00CEB6B9 /* ZKRootViewController.m */; };
		58F661AE1E67BD4B00CEB6B9 /* ZKViewController.m in Sources */ = {isa = PBXBuildFile; fileRef = 58F661AA1E67BD4B00CEB6B9 /* ZKViewController.m */; };
		58F661B91E67DD5600CEB6B9 /* CFunctionImplement.m in Sources */ = {isa = PBXBuildFile; fileRef = 58F661B81E67DD5600CEB6B9 /* CFunctionImplement.m */; };
		58F661BD1E67E4BC00CEB6B9 /* UIViewController+Navigation.m in Sources */ = {isa = PBXBuildFile; fileRef = 58F661BC1E67E4BC00CEB6B9 /* UIViewController+Navigation.m */; };
		58F661EB1E67E66700CEB6B9 /* NSString+Common.m in Sources */ = {isa = PBXBuildFile; fileRef = 58F661D71E67E66700CEB6B9 /* NSString+Common.m */; };
		58F661ED1E67E66700CEB6B9 /* UIButton+New.m in Sources */ = {isa = PBXBuildFile; fileRef = 58F661DB1E67E66700CEB6B9 /* UIButton+New.m */; };
		58F661EF1E67E66700CEB6B9 /* UIImage+Common.m in Sources */ = {isa = PBXBuildFile; fileRef = 58F661DF1E67E66700CEB6B9 /* UIImage+Common.m */; };
		58F661F11E67E66700CEB6B9 /* UIView+Addition.m in Sources */ = {isa = PBXBuildFile; fileRef = 58F661E31E67E66700CEB6B9 /* UIView+Addition.m */; };
		58F661F21E67E66700CEB6B9 /* UIView+AutoLayout.m in Sources */ = {isa = PBXBuildFile; fileRef = 58F661E51E67E66700CEB6B9 /* UIView+AutoLayout.m */; };
		58F661F71E67EDFB00CEB6B9 /* ZKHVButton.m in Sources */ = {isa = PBXBuildFile; fileRef = 58F661F61E67EDFB00CEB6B9 /* ZKHVButton.m */; };
		58F661FE1E67F6B200CEB6B9 /* ZKMeViewController.m in Sources */ = {isa = PBXBuildFile; fileRef = 58F661FD1E67F6B200CEB6B9 /* ZKMeViewController.m */; };
		58F662011E67F8C700CEB6B9 /* ZKHomeViewController.m in Sources */ = {isa = PBXBuildFile; fileRef = 58F662001E67F8C700CEB6B9 /* ZKHomeViewController.m */; };
		58F662041E67F8D900CEB6B9 /* ZKDiscoverViewController.m in Sources */ = {isa = PBXBuildFile; fileRef = 58F662031E67F8D900CEB6B9 /* ZKDiscoverViewController.m */; };
		58F662071E67F8EA00CEB6B9 /* ZKContactViewController.m in Sources */ = {isa = PBXBuildFile; fileRef = 58F662061E67F8EA00CEB6B9 /* ZKContactViewController.m */; };
/* End PBXBuildFile section */

/* Begin PBXContainerItemProxy section */
		58F6617B1E67BB5E00CEB6B9 /* PBXContainerItemProxy */ = {
			isa = PBXContainerItemProxy;
			containerPortal = 58F661591E67BB5E00CEB6B9 /* Project object */;
			proxyType = 1;
			remoteGlobalIDString = 58F661601E67BB5E00CEB6B9;
			remoteInfo = ZKDemoPro;
		};
		58F661861E67BB5E00CEB6B9 /* PBXContainerItemProxy */ = {
			isa = PBXContainerItemProxy;
			containerPortal = 58F661591E67BB5E00CEB6B9 /* Project object */;
			proxyType = 1;
			remoteGlobalIDString = 58F661601E67BB5E00CEB6B9;
			remoteInfo = ZKDemoPro;
		};
/* End PBXContainerItemProxy section */

/* Begin PBXFileReference section */
		065D55B940D504E1559A2F5E /* Pods-ZKDemoPro.release.xcconfig */ = {isa = PBXFileReference; includeInIndex = 1; lastKnownFileType = text.xcconfig; name = "Pods-ZKDemoPro.release.xcconfig"; path = "Pods/Target Support Files/Pods-ZKDemoPro/Pods-ZKDemoPro.release.xcconfig"; sourceTree = "<group>"; };
		08514F0BC6FBEDB00556441A /* Pods-ZKDemoPro.debug.xcconfig */ = {isa = PBXFileReference; includeInIndex = 1; lastKnownFileType = text.xcconfig; name = "Pods-ZKDemoPro.debug.xcconfig"; path = "Pods/Target Support Files/Pods-ZKDemoPro/Pods-ZKDemoPro.debug.xcconfig"; sourceTree = "<group>"; };
		58B013C11E680E49000D6E2B /* data_me.plist */ = {isa = PBXFileReference; fileEncoding = 4; lastKnownFileType = text.plist.xml; path = data_me.plist; sourceTree = "<group>"; };
		58B013C91E681CD0000D6E2B /* DBObject.h */ = {isa = PBXFileReference; fileEncoding = 4; lastKnownFileType = sourcecode.c.h; path = DBObject.h; sourceTree = "<group>"; };
		58B013CA1E681CD0000D6E2B /* DBObject.m */ = {isa = PBXFileReference; fileEncoding = 4; lastKnownFileType = sourcecode.c.objc; path = DBObject.m; sourceTree = "<group>"; };
		58B013CF1E681CFC000D6E2B /* USLogger.h */ = {isa = PBXFileReference; fileEncoding = 4; lastKnownFileType = sourcecode.c.h; path = USLogger.h; sourceTree = "<group>"; };
		58B013D01E681CFC000D6E2B /* USLogger.m */ = {isa = PBXFileReference; fileEncoding = 4; lastKnownFileType = sourcecode.c.objc; path = USLogger.m; sourceTree = "<group>"; };
		58B013D41E681DC1000D6E2B /* NSDate+Common.h */ = {isa = PBXFileReference; fileEncoding = 4; lastKnownFileType = sourcecode.c.h; path = "NSDate+Common.h"; sourceTree = "<group>"; };
		58B013D51E681DC1000D6E2B /* NSDate+Common.m */ = {isa = PBXFileReference; fileEncoding = 4; lastKnownFileType = sourcecode.c.objc; path = "NSDate+Common.m"; sourceTree = "<group>"; };
		58B013D81E68230B000D6E2B /* ZKCommonItemCell.h */ = {isa = PBXFileReference; fileEncoding = 4; lastKnownFileType = sourcecode.c.h; path = ZKCommonItemCell.h; sourceTree = "<group>"; };
		58B013D91E68230B000D6E2B /* ZKCommonItemCell.m */ = {isa = PBXFileReference; fileEncoding = 4; lastKnownFileType = sourcecode.c.objc; path = ZKCommonItemCell.m; sourceTree = "<group>"; };
		58B013DE1E682809000D6E2B /* ZKCommonItemViewController.h */ = {isa = PBXFileReference; fileEncoding = 4; lastKnownFileType = sourcecode.c.h; path = ZKCommonItemViewController.h; sourceTree = "<group>"; };
		58B013DF1E682809000D6E2B /* ZKCommonItemViewController.m */ = {isa = PBXFileReference; fileEncoding = 4; lastKnownFileType = sourcecode.c.objc; path = ZKCommonItemViewController.m; sourceTree = "<group>"; };
		58B013E11E682907000D6E2B /* data_discover.plist */ = {isa = PBXFileReference; fileEncoding = 4; lastKnownFileType = text.plist.xml; path = data_discover.plist; sourceTree = "<group>"; };
		58B013E51E682BB4000D6E2B /* ZKProfileHeaderCell.h */ = {isa = PBXFileReference; fileEncoding = 4; lastKnownFileType = sourcecode.c.h; path = ZKProfileHeaderCell.h; sourceTree = "<group>"; };
		58B013E61E682BB4000D6E2B /* ZKProfileHeaderCell.m */ = {isa = PBXFileReference; fileEncoding = 4; lastKnownFileType = sourcecode.c.objc; path = ZKProfileHeaderCell.m; sourceTree = "<group>"; };
		58B013E71E682BB4000D6E2B /* ZKProfileHeaderCell.xib */ = {isa = PBXFileReference; fileEncoding = 4; lastKnownFileType = file.xib; path = ZKProfileHeaderCell.xib; sourceTree = "<group>"; };
		58F661611E67BB5E00CEB6B9 /* ZKDemoPro.app */ = {isa = PBXFileReference; explicitFileType = wrapper.application; includeInIndex = 0; path = ZKDemoPro.app; sourceTree = BUILT_PRODUCTS_DIR; };
		58F661651E67BB5E00CEB6B9 /* main.m */ = {isa = PBXFileReference; lastKnownFileType = sourcecode.c.objc; path = main.m; sourceTree = "<group>"; };
		58F661671E67BB5E00CEB6B9 /* AppDelegate.h */ = {isa = PBXFileReference; lastKnownFileType = sourcecode.c.h; path = AppDelegate.h; sourceTree = "<group>"; };
		58F661681E67BB5E00CEB6B9 /* AppDelegate.m */ = {isa = PBXFileReference; lastKnownFileType = sourcecode.c.objc; path = AppDelegate.m; sourceTree = "<group>"; };
		58F661701E67BB5E00CEB6B9 /* Assets.xcassets */ = {isa = PBXFileReference; lastKnownFileType = folder.assetcatalog; path = Assets.xcassets; sourceTree = "<group>"; };
		58F661731E67BB5E00CEB6B9 /* Base */ = {isa = PBXFileReference; lastKnownFileType = file.storyboard; name = Base; path = Base.lproj/LaunchScreen.storyboard; sourceTree = "<group>"; };
		58F661751E67BB5E00CEB6B9 /* Info.plist */ = {isa = PBXFileReference; lastKnownFileType = text.plist.xml; path = Info.plist; sourceTree = "<group>"; };
		58F6617A1E67BB5E00CEB6B9 /* ZKDemoProTests.xctest */ = {isa = PBXFileReference; explicitFileType = wrapper.cfbundle; includeInIndex = 0; path = ZKDemoProTests.xctest; sourceTree = BUILT_PRODUCTS_DIR; };
		58F6617E1E67BB5E00CEB6B9 /* ZKDemoProTests.m */ = {isa = PBXFileReference; lastKnownFileType = sourcecode.c.objc; path = ZKDemoProTests.m; sourceTree = "<group>"; };
		58F661801E67BB5E00CEB6B9 /* Info.plist */ = {isa = PBXFileReference; lastKnownFileType = text.plist.xml; path = Info.plist; sourceTree = "<group>"; };
		58F661851E67BB5E00CEB6B9 /* ZKDemoProUITests.xctest */ = {isa = PBXFileReference; explicitFileType = wrapper.cfbundle; includeInIndex = 0; path = ZKDemoProUITests.xctest; sourceTree = BUILT_PRODUCTS_DIR; };
		58F661891E67BB5E00CEB6B9 /* ZKDemoProUITests.m */ = {isa = PBXFileReference; lastKnownFileType = sourcecode.c.objc; path = ZKDemoProUITests.m; sourceTree = "<group>"; };
		58F6618B1E67BB5E00CEB6B9 /* Info.plist */ = {isa = PBXFileReference; lastKnownFileType = text.plist.xml; path = Info.plist; sourceTree = "<group>"; };
		58F661A41E67BD4B00CEB6B9 /* ZKHomeBaseViewController.h */ = {isa = PBXFileReference; fileEncoding = 4; lastKnownFileType = sourcecode.c.h; path = ZKHomeBaseViewController.h; sourceTree = "<group>"; };
		58F661A51E67BD4B00CEB6B9 /* ZKHomeBaseViewController.m */ = {isa = PBXFileReference; fileEncoding = 4; lastKnownFileType = sourcecode.c.objc; path = ZKHomeBaseViewController.m; sourceTree = "<group>"; };
		58F661A61E67BD4B00CEB6B9 /* ZKHomeBaseViewController.xib */ = {isa = PBXFileReference; fileEncoding = 4; lastKnownFileType = file.xib; path = ZKHomeBaseViewController.xib; sourceTree = "<group>"; };
		58F661A71E67BD4B00CEB6B9 /* ZKRootViewController.h */ = {isa = PBXFileReference; fileEncoding = 4; lastKnownFileType = sourcecode.c.h; path = ZKRootViewController.h; sourceTree = "<group>"; };
		58F661A81E67BD4B00CEB6B9 /* ZKRootViewController.m */ = {isa = PBXFileReference; fileEncoding = 4; lastKnownFileType = sourcecode.c.objc; path = ZKRootViewController.m; sourceTree = "<group>"; };
		58F661A91E67BD4B00CEB6B9 /* ZKViewController.h */ = {isa = PBXFileReference; fileEncoding = 4; lastKnownFileType = sourcecode.c.h; path = ZKViewController.h; sourceTree = "<group>"; };
		58F661AA1E67BD4B00CEB6B9 /* ZKViewController.m */ = {isa = PBXFileReference; fileEncoding = 4; lastKnownFileType = sourcecode.c.objc; path = ZKViewController.m; sourceTree = "<group>"; };
		58F661AF1E67C67000CEB6B9 /* PrefixHeader.pch */ = {isa = PBXFileReference; lastKnownFileType = sourcecode.c.h; path = PrefixHeader.pch; sourceTree = "<group>"; };
		58F661B01E67C89F00CEB6B9 /* ProjectHeader.h */ = {isa = PBXFileReference; lastKnownFileType = sourcecode.c.h; path = ProjectHeader.h; sourceTree = "<group>"; };
		58F661B11E67C8D000CEB6B9 /* MacroFile.h */ = {isa = PBXFileReference; lastKnownFileType = sourcecode.c.h; path = MacroFile.h; sourceTree = "<group>"; };
		58F661B21E67C8FB00CEB6B9 /* NotificationFile.h */ = {isa = PBXFileReference; fileEncoding = 4; lastKnownFileType = sourcecode.c.h; path = NotificationFile.h; sourceTree = "<group>"; };
		58F661B51E67CAF100CEB6B9 /* UserDefaultKey.h */ = {isa = PBXFileReference; fileEncoding = 4; lastKnownFileType = sourcecode.c.h; path = UserDefaultKey.h; sourceTree = "<group>"; };
		58F661B81E67DD5600CEB6B9 /* CFunctionImplement.m */ = {isa = PBXFileReference; fileEncoding = 4; lastKnownFileType = sourcecode.c.objc; path = CFunctionImplement.m; sourceTree = "<group>"; };
		58F661BB1E67E4BC00CEB6B9 /* UIViewController+Navigation.h */ = {isa = PBXFileReference; fileEncoding = 4; lastKnownFileType = sourcecode.c.h; path = "UIViewController+Navigation.h"; sourceTree = "<group>"; };
		58F661BC1E67E4BC00CEB6B9 /* UIViewController+Navigation.m */ = {isa = PBXFileReference; fileEncoding = 4; lastKnownFileType = sourcecode.c.objc; path = "UIViewController+Navigation.m"; sourceTree = "<group>"; };
		58F661D61E67E66700CEB6B9 /* NSString+Common.h */ = {isa = PBXFileReference; fileEncoding = 4; lastKnownFileType = sourcecode.c.h; path = "NSString+Common.h"; sourceTree = "<group>"; };
		58F661D71E67E66700CEB6B9 /* NSString+Common.m */ = {isa = PBXFileReference; fileEncoding = 4; lastKnownFileType = sourcecode.c.objc; path = "NSString+Common.m"; sourceTree = "<group>"; };
		58F661DA1E67E66700CEB6B9 /* UIButton+New.h */ = {isa = PBXFileReference; fileEncoding = 4; lastKnownFileType = sourcecode.c.h; path = "UIButton+New.h"; sourceTree = "<group>"; };
		58F661DB1E67E66700CEB6B9 /* UIButton+New.m */ = {isa = PBXFileReference; fileEncoding = 4; lastKnownFileType = sourcecode.c.objc; path = "UIButton+New.m"; sourceTree = "<group>"; };
		58F661DE1E67E66700CEB6B9 /* UIImage+Common.h */ = {isa = PBXFileReference; fileEncoding = 4; lastKnownFileType = sourcecode.c.h; path = "UIImage+Common.h"; sourceTree = "<group>"; };
		58F661DF1E67E66700CEB6B9 /* UIImage+Common.m */ = {isa = PBXFileReference; fileEncoding = 4; lastKnownFileType = sourcecode.c.objc; path = "UIImage+Common.m"; sourceTree = "<group>"; };
		58F661E21E67E66700CEB6B9 /* UIView+Addition.h */ = {isa = PBXFileReference; fileEncoding = 4; lastKnownFileType = sourcecode.c.h; path = "UIView+Addition.h"; sourceTree = "<group>"; };
		58F661E31E67E66700CEB6B9 /* UIView+Addition.m */ = {isa = PBXFileReference; fileEncoding = 4; lastKnownFileType = sourcecode.c.objc; path = "UIView+Addition.m"; sourceTree = "<group>"; };
		58F661E41E67E66700CEB6B9 /* UIView+AutoLayout.h */ = {isa = PBXFileReference; fileEncoding = 4; lastKnownFileType = sourcecode.c.h; path = "UIView+AutoLayout.h"; sourceTree = "<group>"; };
		58F661E51E67E66700CEB6B9 /* UIView+AutoLayout.m */ = {isa = PBXFileReference; fileEncoding = 4; lastKnownFileType = sourcecode.c.objc; path = "UIView+AutoLayout.m"; sourceTree = "<group>"; };
		58F661F51E67EDFB00CEB6B9 /* ZKHVButton.h */ = {isa = PBXFileReference; fileEncoding = 4; lastKnownFileType = sourcecode.c.h; path = ZKHVButton.h; sourceTree = "<group>"; };
		58F661F61E67EDFB00CEB6B9 /* ZKHVButton.m */ = {isa = PBXFileReference; fileEncoding = 4; lastKnownFileType = sourcecode.c.objc; path = ZKHVButton.m; sourceTree = "<group>"; };
		58F661FC1E67F6B200CEB6B9 /* ZKMeViewController.h */ = {isa = PBXFileReference; fileEncoding = 4; lastKnownFileType = sourcecode.c.h; path = ZKMeViewController.h; sourceTree = "<group>"; };
		58F661FD1E67F6B200CEB6B9 /* ZKMeViewController.m */ = {isa = PBXFileReference; fileEncoding = 4; lastKnownFileType = sourcecode.c.objc; path = ZKMeViewController.m; sourceTree = "<group>"; };
		58F661FF1E67F8C700CEB6B9 /* ZKHomeViewController.h */ = {isa = PBXFileReference; fileEncoding = 4; lastKnownFileType = sourcecode.c.h; path = ZKHomeViewController.h; sourceTree = "<group>"; };
		58F662001E67F8C700CEB6B9 /* ZKHomeViewController.m */ = {isa = PBXFileReference; fileEncoding = 4; lastKnownFileType = sourcecode.c.objc; path = ZKHomeViewController.m; sourceTree = "<group>"; };
		58F662021E67F8D900CEB6B9 /* ZKDiscoverViewController.h */ = {isa = PBXFileReference; fileEncoding = 4; lastKnownFileType = sourcecode.c.h; path = ZKDiscoverViewController.h; sourceTree = "<group>"; };
		58F662031E67F8D900CEB6B9 /* ZKDiscoverViewController.m */ = {isa = PBXFileReference; fileEncoding = 4; lastKnownFileType = sourcecode.c.objc; path = ZKDiscoverViewController.m; sourceTree = "<group>"; };
		58F662051E67F8EA00CEB6B9 /* ZKContactViewController.h */ = {isa = PBXFileReference; fileEncoding = 4; lastKnownFileType = sourcecode.c.h; path = ZKContactViewController.h; sourceTree = "<group>"; };
		58F662061E67F8EA00CEB6B9 /* ZKContactViewController.m */ = {isa = PBXFileReference; fileEncoding = 4; lastKnownFileType = sourcecode.c.objc; path = ZKContactViewController.m; sourceTree = "<group>"; };
		A3C5E549514D882AC5209282 /* libPods-ZKDemoPro.a */ = {isa = PBXFileReference; explicitFileType = archive.ar; includeInIndex = 0; path = "libPods-ZKDemoPro.a"; sourceTree = BUILT_PRODUCTS_DIR; };
/* End PBXFileReference section */

/* Begin PBXFrameworksBuildPhase section */
		58F6615E1E67BB5E00CEB6B9 /* Frameworks */ = {
			isa = PBXFrameworksBuildPhase;
			buildActionMask = 2147483647;
			files = (
				106E4323C5D9DB83442F648F /* libPods-ZKDemoPro.a in Frameworks */,
			);
			runOnlyForDeploymentPostprocessing = 0;
		};
		58F661771E67BB5E00CEB6B9 /* Frameworks */ = {
			isa = PBXFrameworksBuildPhase;
			buildActionMask = 2147483647;
			files = (
			);
			runOnlyForDeploymentPostprocessing = 0;
		};
		58F661821E67BB5E00CEB6B9 /* Frameworks */ = {
			isa = PBXFrameworksBuildPhase;
			buildActionMask = 2147483647;
			files = (
			);
			runOnlyForDeploymentPostprocessing = 0;
		};
/* End PBXFrameworksBuildPhase section */

/* Begin PBXGroup section */
		58B013C31E681CBB000D6E2B /* Support */ = {
			isa = PBXGroup;
			children = (
				58B013CE1E681CFC000D6E2B /* USLog */,
				58B013C41E681CD0000D6E2B /* DBModel */,
			);
			path = Support;
			sourceTree = "<group>";
		};
		58B013C41E681CD0000D6E2B /* DBModel */ = {
			isa = PBXGroup;
			children = (
				58B013C91E681CD0000D6E2B /* DBObject.h */,
				58B013CA1E681CD0000D6E2B /* DBObject.m */,
			);
			path = DBModel;
			sourceTree = "<group>";
		};
		58B013CE1E681CFC000D6E2B /* USLog */ = {
			isa = PBXGroup;
			children = (
				58B013CF1E681CFC000D6E2B /* USLogger.h */,
				58B013D01E681CFC000D6E2B /* USLogger.m */,
			);
			path = USLog;
			sourceTree = "<group>";
		};
		58B013D71E68230B000D6E2B /* ShareCode */ = {
			isa = PBXGroup;
			children = (
				58B013D81E68230B000D6E2B /* ZKCommonItemCell.h */,
				58B013D91E68230B000D6E2B /* ZKCommonItemCell.m */,
				58B013DE1E682809000D6E2B /* ZKCommonItemViewController.h */,
				58B013DF1E682809000D6E2B /* ZKCommonItemViewController.m */,
			);
			path = ShareCode;
			sourceTree = "<group>";
		};
		58F661581E67BB5E00CEB6B9 = {
			isa = PBXGroup;
			children = (
				58F661631E67BB5E00CEB6B9 /* ZKDemoPro */,
				58F6617D1E67BB5E00CEB6B9 /* ZKDemoProTests */,
				58F661881E67BB5E00CEB6B9 /* ZKDemoProUITests */,
				58F661621E67BB5E00CEB6B9 /* Products */,
				E9199AC635F498C27A4A807E /* Pods */,
				608490F7F9B20FC78A5F1A52 /* Frameworks */,
			);
			sourceTree = "<group>";
		};
		58F661621E67BB5E00CEB6B9 /* Products */ = {
			isa = PBXGroup;
			children = (
				58F661611E67BB5E00CEB6B9 /* ZKDemoPro.app */,
				58F6617A1E67BB5E00CEB6B9 /* ZKDemoProTests.xctest */,
				58F661851E67BB5E00CEB6B9 /* ZKDemoProUITests.xctest */,
			);
			name = Products;
			sourceTree = "<group>";
		};
		58F661631E67BB5E00CEB6B9 /* ZKDemoPro */ = {
			isa = PBXGroup;
			children = (
				58F661671E67BB5E00CEB6B9 /* AppDelegate.h */,
				58F661681E67BB5E00CEB6B9 /* AppDelegate.m */,
				58F661B01E67C89F00CEB6B9 /* ProjectHeader.h */,
				58F661B11E67C8D000CEB6B9 /* MacroFile.h */,
				58F661B21E67C8FB00CEB6B9 /* NotificationFile.h */,
				58F661B51E67CAF100CEB6B9 /* UserDefaultKey.h */,
				58F661B81E67DD5600CEB6B9 /* CFunctionImplement.m */,
				58F661971E67BBA400CEB6B9 /* Classes */,
				58F661BE1E67E59700CEB6B9 /* Common */,
				58F661641E67BB5E00CEB6B9 /* Supporting Files */,
			);
			path = ZKDemoPro;
			sourceTree = "<group>";
		};
		58F661641E67BB5E00CEB6B9 /* Supporting Files */ = {
			isa = PBXGroup;
			children = (
				58F661721E67BB5E00CEB6B9 /* LaunchScreen.storyboard */,
				58F661701E67BB5E00CEB6B9 /* Assets.xcassets */,
				58F661751E67BB5E00CEB6B9 /* Info.plist */,
				58F661651E67BB5E00CEB6B9 /* main.m */,
				58F661AF1E67C67000CEB6B9 /* PrefixHeader.pch */,
			);
			name = "Supporting Files";
			sourceTree = "<group>";
		};
		58F6617D1E67BB5E00CEB6B9 /* ZKDemoProTests */ = {
			isa = PBXGroup;
			children = (
				58F6617E1E67BB5E00CEB6B9 /* ZKDemoProTests.m */,
				58F661801E67BB5E00CEB6B9 /* Info.plist */,
			);
			path = ZKDemoProTests;
			sourceTree = "<group>";
		};
		58F661881E67BB5E00CEB6B9 /* ZKDemoProUITests */ = {
			isa = PBXGroup;
			children = (
				58F661891E67BB5E00CEB6B9 /* ZKDemoProUITests.m */,
				58F6618B1E67BB5E00CEB6B9 /* Info.plist */,
			);
			path = ZKDemoProUITests;
			sourceTree = "<group>";
		};
		58F661971E67BBA400CEB6B9 /* Classes */ = {
			isa = PBXGroup;
			children = (
				58B013D71E68230B000D6E2B /* ShareCode */,
				58F661F81E67F64C00CEB6B9 /* Contact */,
				58F661F91E67F64C00CEB6B9 /* Discover */,
				58F661FA1E67F64C00CEB6B9 /* Home */,
				58F661FB1E67F64C00CEB6B9 /* Me */,
				58F661A31E67BD4B00CEB6B9 /* Root */,
			);
			path = Classes;
			sourceTree = "<group>";
		};
		58F661A31E67BD4B00CEB6B9 /* Root */ = {
			isa = PBXGroup;
			children = (
				58F661A41E67BD4B00CEB6B9 /* ZKHomeBaseViewController.h */,
				58F661A51E67BD4B00CEB6B9 /* ZKHomeBaseViewController.m */,
				58F661A61E67BD4B00CEB6B9 /* ZKHomeBaseViewController.xib */,
				58F661A71E67BD4B00CEB6B9 /* ZKRootViewController.h */,
				58F661A81E67BD4B00CEB6B9 /* ZKRootViewController.m */,
				58F661A91E67BD4B00CEB6B9 /* ZKViewController.h */,
				58F661AA1E67BD4B00CEB6B9 /* ZKViewController.m */,
				58F661BB1E67E4BC00CEB6B9 /* UIViewController+Navigation.h */,
				58F661BC1E67E4BC00CEB6B9 /* UIViewController+Navigation.m */,
			);
			path = Root;
			sourceTree = "<group>";
		};
		58F661BE1E67E59700CEB6B9 /* Common */ = {
			isa = PBXGroup;
			children = (
				58B013C31E681CBB000D6E2B /* Support */,
				58F661BF1E67E60B00CEB6B9 /* Category */,
				58F661C01E67E60B00CEB6B9 /* ZKCustom */,
			);
			path = Common;
			sourceTree = "<group>";
		};
		58F661BF1E67E60B00CEB6B9 /* Category */ = {
			isa = PBXGroup;
			children = (
				58B013D41E681DC1000D6E2B /* NSDate+Common.h */,
				58B013D51E681DC1000D6E2B /* NSDate+Common.m */,
				58F661D61E67E66700CEB6B9 /* NSString+Common.h */,
				58F661D71E67E66700CEB6B9 /* NSString+Common.m */,
				58F661DA1E67E66700CEB6B9 /* UIButton+New.h */,
				58F661DB1E67E66700CEB6B9 /* UIButton+New.m */,
				58F661DE1E67E66700CEB6B9 /* UIImage+Common.h */,
				58F661DF1E67E66700CEB6B9 /* UIImage+Common.m */,
				58F661E21E67E66700CEB6B9 /* UIView+Addition.h */,
				58F661E31E67E66700CEB6B9 /* UIView+Addition.m */,
				58F661E41E67E66700CEB6B9 /* UIView+AutoLayout.h */,
				58F661E51E67E66700CEB6B9 /* UIView+AutoLayout.m */,
			);
			path = Category;
			sourceTree = "<group>";
		};
		58F661C01E67E60B00CEB6B9 /* ZKCustom */ = {
			isa = PBXGroup;
			children = (
				58F661F41E67EDFB00CEB6B9 /* ZKHVButton */,
			);
			path = ZKCustom;
			sourceTree = "<group>";
		};
		58F661F41E67EDFB00CEB6B9 /* ZKHVButton */ = {
			isa = PBXGroup;
			children = (
				58F661F51E67EDFB00CEB6B9 /* ZKHVButton.h */,
				58F661F61E67EDFB00CEB6B9 /* ZKHVButton.m */,
			);
			path = ZKHVButton;
			sourceTree = "<group>";
		};
		58F661F81E67F64C00CEB6B9 /* Contact */ = {
			isa = PBXGroup;
			children = (
				58F662051E67F8EA00CEB6B9 /* ZKContactViewController.h */,
				58F662061E67F8EA00CEB6B9 /* ZKContactViewController.m */,
			);
			path = Contact;
			sourceTree = "<group>";
		};
		58F661F91E67F64C00CEB6B9 /* Discover */ = {
			isa = PBXGroup;
			children = (
				58B013E11E682907000D6E2B /* data_discover.plist */,
				58F662021E67F8D900CEB6B9 /* ZKDiscoverViewController.h */,
				58F662031E67F8D900CEB6B9 /* ZKDiscoverViewController.m */,
			);
			path = Discover;
			sourceTree = "<group>";
		};
		58F661FA1E67F64C00CEB6B9 /* Home */ = {
			isa = PBXGroup;
			children = (
				58F661FF1E67F8C700CEB6B9 /* ZKHomeViewController.h */,
				58F662001E67F8C700CEB6B9 /* ZKHomeViewController.m */,
			);
			path = Home;
			sourceTree = "<group>";
		};
		58F661FB1E67F64C00CEB6B9 /* Me */ = {
			isa = PBXGroup;
			children = (
				58B013C11E680E49000D6E2B /* data_me.plist */,
				58F661FC1E67F6B200CEB6B9 /* ZKMeViewController.h */,
				58F661FD1E67F6B200CEB6B9 /* ZKMeViewController.m */,
				58B013E51E682BB4000D6E2B /* ZKProfileHeaderCell.h */,
				58B013E61E682BB4000D6E2B /* ZKProfileHeaderCell.m */,
				58B013E71E682BB4000D6E2B /* ZKProfileHeaderCell.xib */,
			);
			path = Me;
			sourceTree = "<group>";
		};
		608490F7F9B20FC78A5F1A52 /* Frameworks */ = {
			isa = PBXGroup;
			children = (
				A3C5E549514D882AC5209282 /* libPods-ZKDemoPro.a */,
			);
			name = Frameworks;
			sourceTree = "<group>";
		};
		E9199AC635F498C27A4A807E /* Pods */ = {
			isa = PBXGroup;
			children = (
				08514F0BC6FBEDB00556441A /* Pods-ZKDemoPro.debug.xcconfig */,
				065D55B940D504E1559A2F5E /* Pods-ZKDemoPro.release.xcconfig */,
			);
			name = Pods;
			sourceTree = "<group>";
		};
/* End PBXGroup section */

/* Begin PBXNativeTarget section */
		58F661601E67BB5E00CEB6B9 /* ZKDemoPro */ = {
			isa = PBXNativeTarget;
			buildConfigurationList = 58F6618E1E67BB5E00CEB6B9 /* Build configuration list for PBXNativeTarget "ZKDemoPro" */;
			buildPhases = (
				192E8B15E01164F1A94C1092 /* [CP] Check Pods Manifest.lock */,
				58F6615D1E67BB5E00CEB6B9 /* Sources */,
				58F6615E1E67BB5E00CEB6B9 /* Frameworks */,
				58F6615F1E67BB5E00CEB6B9 /* Resources */,
				EF0EB564EF601D4B574B0746 /* [CP] Embed Pods Frameworks */,
				C2B6A22B019173CBBDA82F75 /* [CP] Copy Pods Resources */,
			);
			buildRules = (
			);
			dependencies = (
			);
			name = ZKDemoPro;
			productName = ZKDemoPro;
			productReference = 58F661611E67BB5E00CEB6B9 /* ZKDemoPro.app */;
			productType = "com.apple.product-type.application";
		};
		58F661791E67BB5E00CEB6B9 /* ZKDemoProTests */ = {
			isa = PBXNativeTarget;
			buildConfigurationList = 58F661911E67BB5E00CEB6B9 /* Build configuration list for PBXNativeTarget "ZKDemoProTests" */;
			buildPhases = (
				58F661761E67BB5E00CEB6B9 /* Sources */,
				58F661771E67BB5E00CEB6B9 /* Frameworks */,
				58F661781E67BB5E00CEB6B9 /* Resources */,
			);
			buildRules = (
			);
			dependencies = (
				58F6617C1E67BB5E00CEB6B9 /* PBXTargetDependency */,
			);
			name = ZKDemoProTests;
			productName = ZKDemoProTests;
			productReference = 58F6617A1E67BB5E00CEB6B9 /* ZKDemoProTests.xctest */;
			productType = "com.apple.product-type.bundle.unit-test";
		};
		58F661841E67BB5E00CEB6B9 /* ZKDemoProUITests */ = {
			isa = PBXNativeTarget;
			buildConfigurationList = 58F661941E67BB5E00CEB6B9 /* Build configuration list for PBXNativeTarget "ZKDemoProUITests" */;
			buildPhases = (
				58F661811E67BB5E00CEB6B9 /* Sources */,
				58F661821E67BB5E00CEB6B9 /* Frameworks */,
				58F661831E67BB5E00CEB6B9 /* Resources */,
			);
			buildRules = (
			);
			dependencies = (
				58F661871E67BB5E00CEB6B9 /* PBXTargetDependency */,
			);
			name = ZKDemoProUITests;
			productName = ZKDemoProUITests;
			productReference = 58F661851E67BB5E00CEB6B9 /* ZKDemoProUITests.xctest */;
			productType = "com.apple.product-type.bundle.ui-testing";
		};
/* End PBXNativeTarget section */

/* Begin PBXProject section */
		58F661591E67BB5E00CEB6B9 /* Project object */ = {
			isa = PBXProject;
			attributes = {
				LastUpgradeCheck = 0820;
				ORGANIZATIONNAME = ZK;
				TargetAttributes = {
					58F661601E67BB5E00CEB6B9 = {
						CreatedOnToolsVersion = 8.2;
						DevelopmentTeam = 9S49W485R2;
						ProvisioningStyle = Automatic;
					};
					58F661791E67BB5E00CEB6B9 = {
						CreatedOnToolsVersion = 8.2;
						DevelopmentTeam = 9S49W485R2;
						ProvisioningStyle = Automatic;
						TestTargetID = 58F661601E67BB5E00CEB6B9;
					};
					58F661841E67BB5E00CEB6B9 = {
						CreatedOnToolsVersion = 8.2;
						DevelopmentTeam = 9S49W485R2;
						ProvisioningStyle = Automatic;
						TestTargetID = 58F661601E67BB5E00CEB6B9;
					};
				};
			};
			buildConfigurationList = 58F6615C1E67BB5E00CEB6B9 /* Build configuration list for PBXProject "ZKDemoPro" */;
			compatibilityVersion = "Xcode 3.2";
			developmentRegion = English;
			hasScannedForEncodings = 0;
			knownRegions = (
				en,
				Base,
			);
			mainGroup = 58F661581E67BB5E00CEB6B9;
			productRefGroup = 58F661621E67BB5E00CEB6B9 /* Products */;
			projectDirPath = "";
			projectRoot = "";
			targets = (
				58F661601E67BB5E00CEB6B9 /* ZKDemoPro */,
				58F661791E67BB5E00CEB6B9 /* ZKDemoProTests */,
				58F661841E67BB5E00CEB6B9 /* ZKDemoProUITests */,
			);
		};
/* End PBXProject section */

/* Begin PBXResourcesBuildPhase section */
		58F6615F1E67BB5E00CEB6B9 /* Resources */ = {
			isa = PBXResourcesBuildPhase;
			buildActionMask = 2147483647;
			files = (
				58F661AC1E67BD4B00CEB6B9 /* ZKHomeBaseViewController.xib in Resources */,
				58B013E21E682907000D6E2B /* data_discover.plist in Resources */,
				58F661741E67BB5E00CEB6B9 /* LaunchScreen.storyboard in Resources */,
				58B013C21E680E49000D6E2B /* data_me.plist in Resources */,
				58F661711E67BB5E00CEB6B9 /* Assets.xcassets in Resources */,
				58B013E91E682BB4000D6E2B /* ZKProfileHeaderCell.xib in Resources */,
			);
			runOnlyForDeploymentPostprocessing = 0;
		};
		58F661781E67BB5E00CEB6B9 /* Resources */ = {
			isa = PBXResourcesBuildPhase;
			buildActionMask = 2147483647;
			files = (
			);
			runOnlyForDeploymentPostprocessing = 0;
		};
		58F661831E67BB5E00CEB6B9 /* Resources */ = {
			isa = PBXResourcesBuildPhase;
			buildActionMask = 2147483647;
			files = (
			);
			runOnlyForDeploymentPostprocessing = 0;
		};
/* End PBXResourcesBuildPhase section */

/* Begin PBXShellScriptBuildPhase section */
		192E8B15E01164F1A94C1092 /* [CP] Check Pods Manifest.lock */ = {
			isa = PBXShellScriptBuildPhase;
			buildActionMask = 2147483647;
			files = (
			);
			inputPaths = (
			);
			name = "[CP] Check Pods Manifest.lock";
			outputPaths = (
			);
			runOnlyForDeploymentPostprocessing = 0;
			shellPath = /bin/sh;
			shellScript = "diff \"${PODS_ROOT}/../Podfile.lock\" \"${PODS_ROOT}/Manifest.lock\" > /dev/null\nif [ $? != 0 ] ; then\n    # print error to STDERR\n    echo \"error: The sandbox is not in sync with the Podfile.lock. Run 'pod install' or update your CocoaPods installation.\" >&2\n    exit 1\nfi\n";
			showEnvVarsInLog = 0;
		};
		C2B6A22B019173CBBDA82F75 /* [CP] Copy Pods Resources */ = {
			isa = PBXShellScriptBuildPhase;
			buildActionMask = 2147483647;
			files = (
			);
			inputPaths = (
			);
			name = "[CP] Copy Pods Resources";
			outputPaths = (
			);
			runOnlyForDeploymentPostprocessing = 0;
			shellPath = /bin/sh;
			shellScript = "\"${SRCROOT}/Pods/Target Support Files/Pods-ZKDemoPro/Pods-ZKDemoPro-resources.sh\"\n";
			showEnvVarsInLog = 0;
		};
		EF0EB564EF601D4B574B0746 /* [CP] Embed Pods Frameworks */ = {
			isa = PBXShellScriptBuildPhase;
			buildActionMask = 2147483647;
			files = (
			);
			inputPaths = (
			);
			name = "[CP] Embed Pods Frameworks";
			outputPaths = (
			);
			runOnlyForDeploymentPostprocessing = 0;
			shellPath = /bin/sh;
			shellScript = "\"${SRCROOT}/Pods/Target Support Files/Pods-ZKDemoPro/Pods-ZKDemoPro-frameworks.sh\"\n";
			showEnvVarsInLog = 0;
		};
/* End PBXShellScriptBuildPhase section */

/* Begin PBXSourcesBuildPhase section */
		58F6615D1E67BB5E00CEB6B9 /* Sources */ = {
			isa = PBXSourcesBuildPhase;
			buildActionMask = 2147483647;
			files = (
				58F661ED1E67E66700CEB6B9 /* UIButton+New.m in Sources */,
				58F661F11E67E66700CEB6B9 /* UIView+Addition.m in Sources */,
				58B013E01E682809000D6E2B /* ZKCommonItemViewController.m in Sources */,
				58F661EF1E67E66700CEB6B9 /* UIImage+Common.m in Sources */,
				58F661BD1E67E4BC00CEB6B9 /* UIViewController+Navigation.m in Sources */,
				58F661F21E67E66700CEB6B9 /* UIView+AutoLayout.m in Sources */,
				58B013DA1E68230B000D6E2B /* ZKCommonItemCell.m in Sources */,
				58F661691E67BB5E00CEB6B9 /* AppDelegate.m in Sources */,
				58F661EB1E67E66700CEB6B9 /* NSString+Common.m in Sources */,
				58F661AD1E67BD4B00CEB6B9 /* ZKRootViewController.m in Sources */,
				58F662041E67F8D900CEB6B9 /* ZKDiscoverViewController.m in Sources */,
				58B013D21E681CFC000D6E2B /* USLogger.m in Sources */,
				58F661B91E67DD5600CEB6B9 /* CFunctionImplement.m in Sources */,
				58F662071E67F8EA00CEB6B9 /* ZKContactViewController.m in Sources */,
				58B013CD1E681CD0000D6E2B /* DBObject.m in Sources */,
				58F661FE1E67F6B200CEB6B9 /* ZKMeViewController.m in Sources */,
				58B013D61E681DC1000D6E2B /* NSDate+Common.m in Sources */,
				58F661AB1E67BD4B00CEB6B9 /* ZKHomeBaseViewController.m in Sources */,
				58B013E81E682BB4000D6E2B /* ZKProfileHeaderCell.m in Sources */,
				58F661661E67BB5E00CEB6B9 /* main.m in Sources */,
				58F661AE1E67BD4B00CEB6B9 /* ZKViewController.m in Sources */,
				58F662011E67F8C700CEB6B9 /* ZKHomeViewController.m in Sources */,
				58F661F71E67EDFB00CEB6B9 /* ZKHVButton.m in Sources */,
			);
			runOnlyForDeploymentPostprocessing = 0;
		};
		58F661761E67BB5E00CEB6B9 /* Sources */ = {
			isa = PBXSourcesBuildPhase;
			buildActionMask = 2147483647;
			files = (
				58F6617F1E67BB5E00CEB6B9 /* ZKDemoProTests.m in Sources */,
			);
			runOnlyForDeploymentPostprocessing = 0;
		};
		58F661811E67BB5E00CEB6B9 /* Sources */ = {
			isa = PBXSourcesBuildPhase;
			buildActionMask = 2147483647;
			files = (
				58F6618A1E67BB5E00CEB6B9 /* ZKDemoProUITests.m in Sources */,
			);
			runOnlyForDeploymentPostprocessing = 0;
		};
/* End PBXSourcesBuildPhase section */

/* Begin PBXTargetDependency section */
		58F6617C1E67BB5E00CEB6B9 /* PBXTargetDependency */ = {
			isa = PBXTargetDependency;
			target = 58F661601E67BB5E00CEB6B9 /* ZKDemoPro */;
			targetProxy = 58F6617B1E67BB5E00CEB6B9 /* PBXContainerItemProxy */;
		};
		58F661871E67BB5E00CEB6B9 /* PBXTargetDependency */ = {
			isa = PBXTargetDependency;
			target = 58F661601E67BB5E00CEB6B9 /* ZKDemoPro */;
			targetProxy = 58F661861E67BB5E00CEB6B9 /* PBXContainerItemProxy */;
		};
/* End PBXTargetDependency section */

/* Begin PBXVariantGroup section */
		58F661721E67BB5E00CEB6B9 /* LaunchScreen.storyboard */ = {
			isa = PBXVariantGroup;
			children = (
				58F661731E67BB5E00CEB6B9 /* Base */,
			);
			name = LaunchScreen.storyboard;
			sourceTree = "<group>";
		};
/* End PBXVariantGroup section */

/* Begin XCBuildConfiguration section */
		58F6618C1E67BB5E00CEB6B9 /* Debug */ = {
			isa = XCBuildConfiguration;
			buildSettings = {
				ALWAYS_SEARCH_USER_PATHS = NO;
				CLANG_ANALYZER_NONNULL = YES;
				CLANG_CXX_LANGUAGE_STANDARD = "gnu++0x";
				CLANG_CXX_LIBRARY = "libc++";
				CLANG_ENABLE_MODULES = YES;
				CLANG_ENABLE_OBJC_ARC = YES;
				CLANG_WARN_BOOL_CONVERSION = YES;
				CLANG_WARN_CONSTANT_CONVERSION = YES;
				CLANG_WARN_DIRECT_OBJC_ISA_USAGE = YES_ERROR;
				CLANG_WARN_DOCUMENTATION_COMMENTS = NO;
				CLANG_WARN_EMPTY_BODY = YES;
				CLANG_WARN_ENUM_CONVERSION = YES;
				CLANG_WARN_INFINITE_RECURSION = YES;
				CLANG_WARN_INT_CONVERSION = YES;
				CLANG_WARN_OBJC_ROOT_CLASS = YES_ERROR;
				CLANG_WARN_SUSPICIOUS_MOVE = YES;
				CLANG_WARN_UNREACHABLE_CODE = YES;
				CLANG_WARN__DUPLICATE_METHOD_MATCH = YES;
				"CODE_SIGN_IDENTITY[sdk=iphoneos*]" = "iPhone Developer";
				COPY_PHASE_STRIP = NO;
				DEBUG_INFORMATION_FORMAT = dwarf;
				ENABLE_STRICT_OBJC_MSGSEND = YES;
				ENABLE_TESTABILITY = YES;
				GCC_C_LANGUAGE_STANDARD = gnu99;
				GCC_DYNAMIC_NO_PIC = NO;
				GCC_NO_COMMON_BLOCKS = YES;
				GCC_OPTIMIZATION_LEVEL = 0;
				GCC_PREPROCESSOR_DEFINITIONS = (
					"DEBUG=1",
					"$(inherited)",
				);
				GCC_WARN_64_TO_32_BIT_CONVERSION = YES;
				GCC_WARN_ABOUT_RETURN_TYPE = YES_ERROR;
				GCC_WARN_UNDECLARED_SELECTOR = YES;
				GCC_WARN_UNINITIALIZED_AUTOS = YES_AGGRESSIVE;
				GCC_WARN_UNUSED_FUNCTION = YES;
				GCC_WARN_UNUSED_VARIABLE = YES;
				IPHONEOS_DEPLOYMENT_TARGET = 10.2;
				MTL_ENABLE_DEBUG_INFO = YES;
				ONLY_ACTIVE_ARCH = YES;
				SDKROOT = iphoneos;
			};
			name = Debug;
		};
		58F6618D1E67BB5E00CEB6B9 /* Release */ = {
			isa = XCBuildConfiguration;
			buildSettings = {
				ALWAYS_SEARCH_USER_PATHS = NO;
				CLANG_ANALYZER_NONNULL = YES;
				CLANG_CXX_LANGUAGE_STANDARD = "gnu++0x";
				CLANG_CXX_LIBRARY = "libc++";
				CLANG_ENABLE_MODULES = YES;
				CLANG_ENABLE_OBJC_ARC = YES;
				CLANG_WARN_BOOL_CONVERSION = YES;
				CLANG_WARN_CONSTANT_CONVERSION = YES;
				CLANG_WARN_DIRECT_OBJC_ISA_USAGE = YES_ERROR;
				CLANG_WARN_DOCUMENTATION_COMMENTS = NO;
				CLANG_WARN_EMPTY_BODY = YES;
				CLANG_WARN_ENUM_CONVERSION = YES;
				CLANG_WARN_INFINITE_RECURSION = YES;
				CLANG_WARN_INT_CONVERSION = YES;
				CLANG_WARN_OBJC_ROOT_CLASS = YES_ERROR;
				CLANG_WARN_SUSPICIOUS_MOVE = YES;
				CLANG_WARN_UNREACHABLE_CODE = YES;
				CLANG_WARN__DUPLICATE_METHOD_MATCH = YES;
				"CODE_SIGN_IDENTITY[sdk=iphoneos*]" = "iPhone Developer";
				COPY_PHASE_STRIP = NO;
				DEBUG_INFORMATION_FORMAT = "dwarf-with-dsym";
				ENABLE_NS_ASSERTIONS = NO;
				ENABLE_STRICT_OBJC_MSGSEND = YES;
				GCC_C_LANGUAGE_STANDARD = gnu99;
				GCC_NO_COMMON_BLOCKS = YES;
				GCC_WARN_64_TO_32_BIT_CONVERSION = YES;
				GCC_WARN_ABOUT_RETURN_TYPE = YES_ERROR;
				GCC_WARN_UNDECLARED_SELECTOR = YES;
				GCC_WARN_UNINITIALIZED_AUTOS = YES_AGGRESSIVE;
				GCC_WARN_UNUSED_FUNCTION = YES;
				GCC_WARN_UNUSED_VARIABLE = YES;
				IPHONEOS_DEPLOYMENT_TARGET = 10.2;
				MTL_ENABLE_DEBUG_INFO = NO;
				SDKROOT = iphoneos;
				VALIDATE_PRODUCT = YES;
			};
			name = Release;
		};
		58F6618F1E67BB5E00CEB6B9 /* Debug */ = {
			isa = XCBuildConfiguration;
			baseConfigurationReference = 08514F0BC6FBEDB00556441A /* Pods-ZKDemoPro.debug.xcconfig */;
			buildSettings = {
				ASSETCATALOG_COMPILER_APPICON_NAME = AppIcon;
				DEVELOPMENT_TEAM = 9S49W485R2;
				GCC_PREFIX_HEADER = "$(PROJECT_DIR)/ZKDemoPro/PrefixHeader.pch";
				INFOPLIST_FILE = ZKDemoPro/Info.plist;
				IPHONEOS_DEPLOYMENT_TARGET = 7.0;
				LD_RUNPATH_SEARCH_PATHS = "$(inherited) @executable_path/Frameworks";
				PRODUCT_BUNDLE_IDENTIFIER = com.zk.ZKDemoPro;
				PRODUCT_NAME = "$(TARGET_NAME)";
			};
			name = Debug;
		};
		58F661901E67BB5E00CEB6B9 /* Release */ = {
			isa = XCBuildConfiguration;
			baseConfigurationReference = 065D55B940D504E1559A2F5E /* Pods-ZKDemoPro.release.xcconfig */;
			buildSettings = {
				ASSETCATALOG_COMPILER_APPICON_NAME = AppIcon;
				DEVELOPMENT_TEAM = 9S49W485R2;
				GCC_PREFIX_HEADER = "$(PROJECT_DIR)/ZKDemoPro/PrefixHeader.pch";
				INFOPLIST_FILE = ZKDemoPro/Info.plist;
				IPHONEOS_DEPLOYMENT_TARGET = 7.0;
				LD_RUNPATH_SEARCH_PATHS = "$(inherited) @executable_path/Frameworks";
				PRODUCT_BUNDLE_IDENTIFIER = com.zk.ZKDemoPro;
				PRODUCT_NAME = "$(TARGET_NAME)";
			};
			name = Release;
		};
		58F661921E67BB5E00CEB6B9 /* Debug */ = {
			isa = XCBuildConfiguration;
			buildSettings = {
				BUNDLE_LOADER = "$(TEST_HOST)";
				DEVELOPMENT_TEAM = 9S49W485R2;
				INFOPLIST_FILE = ZKDemoProTests/Info.plist;
				LD_RUNPATH_SEARCH_PATHS = "$(inherited) @executable_path/Frameworks @loader_path/Frameworks";
				PRODUCT_BUNDLE_IDENTIFIER = com.zk.ZKDemoProTests;
				PRODUCT_NAME = "$(TARGET_NAME)";
				TEST_HOST = "$(BUILT_PRODUCTS_DIR)/ZKDemoPro.app/ZKDemoPro";
			};
			name = Debug;
		};
		58F661931E67BB5E00CEB6B9 /* Release */ = {
			isa = XCBuildConfiguration;
			buildSettings = {
				BUNDLE_LOADER = "$(TEST_HOST)";
				DEVELOPMENT_TEAM = 9S49W485R2;
				INFOPLIST_FILE = ZKDemoProTests/Info.plist;
				LD_RUNPATH_SEARCH_PATHS = "$(inherited) @executable_path/Frameworks @loader_path/Frameworks";
				PRODUCT_BUNDLE_IDENTIFIER = com.zk.ZKDemoProTests;
				PRODUCT_NAME = "$(TARGET_NAME)";
				TEST_HOST = "$(BUILT_PRODUCTS_DIR)/ZKDemoPro.app/ZKDemoPro";
			};
			name = Release;
		};
		58F661951E67BB5E00CEB6B9 /* Debug */ = {
			isa = XCBuildConfiguration;
			buildSettings = {
				DEVELOPMENT_TEAM = 9S49W485R2;
				INFOPLIST_FILE = ZKDemoProUITests/Info.plist;
				LD_RUNPATH_SEARCH_PATHS = "$(inherited) @executable_path/Frameworks @loader_path/Frameworks";
				PRODUCT_BUNDLE_IDENTIFIER = com.zk.ZKDemoProUITests;
				PRODUCT_NAME = "$(TARGET_NAME)";
				TEST_TARGET_NAME = ZKDemoPro;
			};
			name = Debug;
		};
		58F661961E67BB5E00CEB6B9 /* Release */ = {
			isa = XCBuildConfiguration;
			buildSettings = {
				DEVELOPMENT_TEAM = 9S49W485R2;
				INFOPLIST_FILE = ZKDemoProUITests/Info.plist;
				LD_RUNPATH_SEARCH_PATHS = "$(inherited) @executable_path/Frameworks @loader_path/Frameworks";
				PRODUCT_BUNDLE_IDENTIFIER = com.zk.ZKDemoProUITests;
				PRODUCT_NAME = "$(TARGET_NAME)";
				TEST_TARGET_NAME = ZKDemoPro;
			};
			name = Release;
		};
/* End XCBuildConfiguration section */

/* Begin XCConfigurationList section */
		58F6615C1E67BB5E00CEB6B9 /* Build configuration list for PBXProject "ZKDemoPro" */ = {
			isa = XCConfigurationList;
			buildConfigurations = (
				58F6618C1E67BB5E00CEB6B9 /* Debug */,
				58F6618D1E67BB5E00CEB6B9 /* Release */,
			);
			defaultConfigurationIsVisible = 0;
			defaultConfigurationName = Release;
		};
		58F6618E1E67BB5E00CEB6B9 /* Build configuration list for PBXNativeTarget "ZKDemoPro" */ = {
			isa = XCConfigurationList;
			buildConfigurations = (
				58F6618F1E67BB5E00CEB6B9 /* Debug */,
				58F661901E67BB5E00CEB6B9 /* Release */,
			);
			defaultConfigurationIsVisible = 0;
			defaultConfigurationName = Release;
		};
		58F661911E67BB5E00CEB6B9 /* Build configuration list for PBXNativeTarget "ZKDemoProTests" */ = {
			isa = XCConfigurationList;
			buildConfigurations = (
				58F661921E67BB5E00CEB6B9 /* Debug */,
				58F661931E67BB5E00CEB6B9 /* Release */,
			);
			defaultConfigurationIsVisible = 0;
			defaultConfigurationName = Release;
		};
		58F661941E67BB5E00CEB6B9 /* Build configuration list for PBXNativeTarget "ZKDemoProUITests" */ = {
			isa = XCConfigurationList;
			buildConfigurations = (
				58F661951E67BB5E00CEB6B9 /* Debug */,
				58F661961E67BB5E00CEB6B9 /* Release */,
			);
			defaultConfigurationIsVisible = 0;
			defaultConfigurationName = Release;
		};
/* End XCConfigurationList section */
	};
	rootObject = 58F661591E67BB5E00CEB6B9 /* Project object */;
}
